github.com/cenkalti/hub v1.0.2 h1:Nqv9TNaA9boeO2wQFW8o87BY3zKthtnzXmWGmJqhAV8=
github.com/cenkalti/hub v1.0.2/go.mod h1:8LAFAZcCasb83vfxatMUnZHRoQcffho2ELpHb+kaTJU=
github.com/cenkalti/rpc2 v1.0.4 h1:MJWmm7mbt8r/ZkQS+qr/e2KMMrhMLPr/62CYZIHybdI=
github.com/cenkalti/rpc2 v1.0.4/go.mod h1:2yfU5b86vOr16+iY1jN3MvT6Kxc9Nf8j5iZWwUf7iaw=
